// !$*UTF8*$!
{
	archiveVersion = 1;
	classes = {
	};
	objectVersion = 50;
	objects = {

/* Begin PBXBuildFile section */
		721DDE2B217F870600F64772 /* main.swift in Sources */ = {isa = PBXBuildFile; fileRef = 721DDE2A217F870600F64772 /* main.swift */; };
		721DDE32217F873E00F64772 /* 1.TwoSum.swift in Sources */ = {isa = PBXBuildFile; fileRef = 721DDE31217F873E00F64772 /* 1.TwoSum.swift */; };
		721DDE34217F880100F64772 /* 3.lengthOfLongestSubstring.swift in Sources */ = {isa = PBXBuildFile; fileRef = 721DDE33217F880100F64772 /* 3.lengthOfLongestSubstring.swift */; };
		721DDE4D218331FF00F64772 /* 784.letterCasePermutation.swift in Sources */ = {isa = PBXBuildFile; fileRef = 721DDE4C218331FF00F64772 /* 784.letterCasePermutation.swift */; };
		721DDE4F21833BEB00F64772 /* 821.shortestToChar.swift in Sources */ = {isa = PBXBuildFile; fileRef = 721DDE4E21833BEB00F64772 /* 821.shortestToChar.swift */; };
		721DDE51218347E400F64772 /* 724.pivotIndex.swift in Sources */ = {isa = PBXBuildFile; fileRef = 721DDE50218347E400F64772 /* 724.pivotIndex.swift */; };
		721DDE532183483400F64772 /* 867.transpose.swift in Sources */ = {isa = PBXBuildFile; fileRef = 721DDE522183483400F64772 /* 867.transpose.swift */; };
		721DDE552183486300F64772 /* 704.search.swift in Sources */ = {isa = PBXBuildFile; fileRef = 721DDE542183486300F64772 /* 704.search.swift */; };
		721DDE572183489800F64772 /* 747.dominantIndex.swift in Sources */ = {isa = PBXBuildFile; fileRef = 721DDE562183489800F64772 /* 747.dominantIndex.swift */; };
		721DDE59218348D600F64772 /* 888.fairCandySwap.swift in Sources */ = {isa = PBXBuildFile; fileRef = 721DDE58218348D600F64772 /* 888.fairCandySwap.swift */; };
		721DDE5B218348FC00F64772 /* 326.isPowerOfThree.swift in Sources */ = {isa = PBXBuildFile; fileRef = 721DDE5A218348FC00F64772 /* 326.isPowerOfThree.swift */; };
		721DDE5D2183492100F64772 /* 66.plusOne.swift in Sources */ = {isa = PBXBuildFile; fileRef = 721DDE5C2183492100F64772 /* 66.plusOne.swift */; };
		721DDE5F2183495200F64772 /* 28.strStr.swift in Sources */ = {isa = PBXBuildFile; fileRef = 721DDE5E2183495200F64772 /* 28.strStr.swift */; };
		721DDE612183498B00F64772 /* 14.longestCommonPrefix.swift in Sources */ = {isa = PBXBuildFile; fileRef = 721DDE602183498B00F64772 /* 14.longestCommonPrefix.swift */; };
		721DDE63218349B800F64772 /* 13.romanToInt.swift in Sources */ = {isa = PBXBuildFile; fileRef = 721DDE62218349B800F64772 /* 13.romanToInt.swift */; };
/* End PBXBuildFile section */

/* Begin PBXCopyFilesBuildPhase section */
		721DDE25217F870600F64772 /* CopyFiles */ = {
			isa = PBXCopyFilesBuildPhase;
			buildActionMask = 2147483647;
			dstPath = /usr/share/man/man1/;
			dstSubfolderSpec = 0;
			files = (
			);
			runOnlyForDeploymentPostprocessing = 1;
		};
/* End PBXCopyFilesBuildPhase section */

/* Begin PBXFileReference section */
		721DDE27217F870600F64772 /* SwiftLeetCode */ = {isa = PBXFileReference; explicitFileType = "compiled.mach-o.executable"; includeInIndex = 0; path = SwiftLeetCode; sourceTree = BUILT_PRODUCTS_DIR; };
		721DDE2A217F870600F64772 /* main.swift */ = {isa = PBXFileReference; lastKnownFileType = sourcecode.swift; path = main.swift; sourceTree = "<group>"; };
		721DDE31217F873E00F64772 /* 1.TwoSum.swift */ = {isa = PBXFileReference; lastKnownFileType = sourcecode.swift; path = 1.TwoSum.swift; sourceTree = "<group>"; };
		721DDE33217F880100F64772 /* 3.lengthOfLongestSubstring.swift */ = {isa = PBXFileReference; lastKnownFileType = sourcecode.swift; path = 3.lengthOfLongestSubstring.swift; sourceTree = "<group>"; };
		721DDE4C218331FF00F64772 /* 784.letterCasePermutation.swift */ = {isa = PBXFileReference; lastKnownFileType = sourcecode.swift; path = 784.letterCasePermutation.swift; sourceTree = "<group>"; };
		721DDE4E21833BEB00F64772 /* 821.shortestToChar.swift */ = {isa = PBXFileReference; lastKnownFileType = sourcecode.swift; path = 821.shortestToChar.swift; sourceTree = "<group>"; };
		721DDE50218347E400F64772 /* 724.pivotIndex.swift */ = {isa = PBXFileReference; lastKnownFileType = sourcecode.swift; path = 724.pivotIndex.swift; sourceTree = "<group>"; };
		721DDE522183483400F64772 /* 867.transpose.swift */ = {isa = PBXFileReference; lastKnownFileType = sourcecode.swift; path = 867.transpose.swift; sourceTree = "<group>"; };
		721DDE542183486300F64772 /* 704.search.swift */ = {isa = PBXFileReference; lastKnownFileType = sourcecode.swift; path = 704.search.swift; sourceTree = "<group>"; };
		721DDE562183489800F64772 /* 747.dominantIndex.swift */ = {isa = PBXFileReference; lastKnownFileType = sourcecode.swift; path = 747.dominantIndex.swift; sourceTree = "<group>"; };
		721DDE58218348D600F64772 /* 888.fairCandySwap.swift */ = {isa = PBXFileReference; lastKnownFileType = sourcecode.swift; path = 888.fairCandySwap.swift; sourceTree = "<group>"; };
		721DDE5A218348FC00F64772 /* 326.isPowerOfThree.swift */ = {isa = PBXFileReference; lastKnownFileType = sourcecode.swift; path = 326.isPowerOfThree.swift; sourceTree = "<group>"; };
		721DDE5C2183492100F64772 /* 66.plusOne.swift */ = {isa = PBXFileReference; lastKnownFileType = sourcecode.swift; path = 66.plusOne.swift; sourceTree = "<group>"; };
		721DDE5E2183495200F64772 /* 28.strStr.swift */ = {isa = PBXFileReference; lastKnownFileType = sourcecode.swift; path = 28.strStr.swift; sourceTree = "<group>"; };
		721DDE602183498B00F64772 /* 14.longestCommonPrefix.swift */ = {isa = PBXFileReference; lastKnownFileType = sourcecode.swift; path = 14.longestCommonPrefix.swift; sourceTree = "<group>"; };
		721DDE62218349B800F64772 /* 13.romanToInt.swift */ = {isa = PBXFileReference; lastKnownFileType = sourcecode.swift; path = 13.romanToInt.swift; sourceTree = "<group>"; };
/* End PBXFileReference section */

/* Begin PBXFrameworksBuildPhase section */
		721DDE24217F870600F64772 /* Frameworks */ = {
			isa = PBXFrameworksBuildPhase;
			buildActionMask = 2147483647;
			files = (
			);
			runOnlyForDeploymentPostprocessing = 0;
		};
/* End PBXFrameworksBuildPhase section */

/* Begin PBXGroup section */
		721DDE1E217F870600F64772 = {
			isa = PBXGroup;
			children = (
				721DDE29217F870600F64772 /* SwiftLeetCode */,
				721DDE28217F870600F64772 /* Products */,
			);
			sourceTree = "<group>";
		};
		721DDE28217F870600F64772 /* Products */ = {
			isa = PBXGroup;
			children = (
				721DDE27217F870600F64772 /* SwiftLeetCode */,
			);
			name = Products;
			sourceTree = "<group>";
		};
		721DDE29217F870600F64772 /* SwiftLeetCode */ = {
			isa = PBXGroup;
			children = (
				721DDE31217F873E00F64772 /* 1.TwoSum.swift */,
				721DDE33217F880100F64772 /* 3.lengthOfLongestSubstring.swift */,
				721DDE62218349B800F64772 /* 13.romanToInt.swift */,
				721DDE602183498B00F64772 /* 14.longestCommonPrefix.swift */,
				721DDE5E2183495200F64772 /* 28.strStr.swift */,
				721DDE5C2183492100F64772 /* 66.plusOne.swift */,
				721DDE5A218348FC00F64772 /* 326.isPowerOfThree.swift */,
				721DDE542183486300F64772 /* 704.search.swift */,
				721DDE50218347E400F64772 /* 724.pivotIndex.swift */,
				721DDE562183489800F64772 /* 747.dominantIndex.swift */,
				721DDE4C218331FF00F64772 /* 784.letterCasePermutation.swift */,
				721DDE4E21833BEB00F64772 /* 821.shortestToChar.swift */,
				721DDE522183483400F64772 /* 867.transpose.swift */,
				721DDE58218348D600F64772 /* 888.fairCandySwap.swift */,
				721DDE2A217F870600F64772 /* main.swift */,
			);
			path = SwiftLeetCode;
			sourceTree = "<group>";
		};
/* End PBXGroup section */

/* Begin PBXNativeTarget section */
		721DDE26217F870600F64772 /* SwiftLeetCode */ = {
			isa = PBXNativeTarget;
			buildConfigurationList = 721DDE2E217F870600F64772 /* Build configuration list for PBXNativeTarget "SwiftLeetCode" */;
			buildPhases = (
				721DDE23217F870600F64772 /* Sources */,
				721DDE24217F870600F64772 /* Frameworks */,
				721DDE25217F870600F64772 /* CopyFiles */,
			);
			buildRules = (
			);
			dependencies = (
			);
			name = SwiftLeetCode;
			productName = SwiftLeetCode;
			productReference = 721DDE27217F870600F64772 /* SwiftLeetCode */;
			productType = "com.apple.product-type.tool";
		};
/* End PBXNativeTarget section */

/* Begin PBXProject section */
		721DDE1F217F870600F64772 /* Project object */ = {
			isa = PBXProject;
			attributes = {
				LastSwiftUpdateCheck = 1000;
				LastUpgradeCheck = 1000;
				ORGANIZATIONNAME = Mr.Z;
				TargetAttributes = {
					721DDE26217F870600F64772 = {
						CreatedOnToolsVersion = 10.0;
					};
				};
			};
			buildConfigurationList = 721DDE22217F870600F64772 /* Build configuration list for PBXProject "SwiftLeetCode" */;
			compatibilityVersion = "Xcode 9.3";
			developmentRegion = en;
			hasScannedForEncodings = 0;
			knownRegions = (
				en,
			);
			mainGroup = 721DDE1E217F870600F64772;
			productRefGroup = 721DDE28217F870600F64772 /* Products */;
			projectDirPath = "";
			projectRoot = "";
			targets = (
				721DDE26217F870600F64772 /* SwiftLeetCode */,
			);
		};
/* End PBXProject section */

/* Begin PBXSourcesBuildPhase section */
		721DDE23217F870600F64772 /* Sources */ = {
			isa = PBXSourcesBuildPhase;
			buildActionMask = 2147483647;
			files = (
				721DDE532183483400F64772 /* 867.transpose.swift in Sources */,
				721DDE51218347E400F64772 /* 724.pivotIndex.swift in Sources */,
				721DDE552183486300F64772 /* 704.search.swift in Sources */,
				721DDE612183498B00F64772 /* 14.longestCommonPrefix.swift in Sources */,
				721DDE5D2183492100F64772 /* 66.plusOne.swift in Sources */,
				721DDE4F21833BEB00F64772 /* 821.shortestToChar.swift in Sources */,
				721DDE59218348D600F64772 /* 888.fairCandySwap.swift in Sources */,
				721DDE5F2183495200F64772 /* 28.strStr.swift in Sources */,
				721DDE572183489800F64772 /* 747.dominantIndex.swift in Sources */,
				721DDE34217F880100F64772 /* 3.lengthOfLongestSubstring.swift in Sources */,
				721DDE5B218348FC00F64772 /* 326.isPowerOfThree.swift in Sources */,
				721DDE2B217F870600F64772 /* main.swift in Sources */,
				721DDE32217F873E00F64772 /* 1.TwoSum.swift in Sources */,
				721DDE4D218331FF00F64772 /* 784.letterCasePermutation.swift in Sources */,
				721DDE63218349B800F64772 /* 13.romanToInt.swift in Sources */,
			);
			runOnlyForDeploymentPostprocessing = 0;
		};
/* End PBXSourcesBuildPhase section */

/* Begin XCBuildConfiguration section */
		721DDE2C217F870600F64772 /* Debug */ = {
			isa = XCBuildConfiguration;
			buildSettings = {
				ALWAYS_SEARCH_USER_PATHS = NO;
				CLANG_ANALYZER_NONNULL = YES;
				CLANG_ANALYZER_NUMBER_OBJECT_CONVERSION = YES_AGGRESSIVE;
				CLANG_CXX_LANGUAGE_STANDARD = "gnu++14";
				CLANG_CXX_LIBRARY = "libc++";
				CLANG_ENABLE_MODULES = YES;
				CLANG_ENABLE_OBJC_ARC = YES;
				CLANG_ENABLE_OBJC_WEAK = YES;
				CLANG_WARN_BLOCK_CAPTURE_AUTORELEASING = YES;
				CLANG_WARN_BOOL_CONVERSION = YES;
				CLANG_WARN_COMMA = YES;
				CLANG_WARN_CONSTANT_CONVERSION = YES;
				CLANG_WARN_DEPRECATED_OBJC_IMPLEMENTATIONS = YES;
				CLANG_WARN_DIRECT_OBJC_ISA_USAGE = YES_ERROR;
				CLANG_WARN_DOCUMENTATION_COMMENTS = YES;
				CLANG_WARN_EMPTY_BODY = YES;
				CLANG_WARN_ENUM_CONVERSION = YES;
				CLANG_WARN_INFINITE_RECURSION = YES;
				CLANG_WARN_INT_CONVERSION = YES;
				CLANG_WARN_NON_LITERAL_NULL_CONVERSION = YES;
				CLANG_WARN_OBJC_IMPLICIT_RETAIN_SELF = YES;
				CLANG_WARN_OBJC_LITERAL_CONVERSION = YES;
				CLANG_WARN_OBJC_ROOT_CLASS = YES_ERROR;
				CLANG_WARN_RANGE_LOOP_ANALYSIS = YES;
				CLANG_WARN_STRICT_PROTOTYPES = YES;
				CLANG_WARN_SUSPICIOUS_MOVE = YES;
				CLANG_WARN_UNGUARDED_AVAILABILITY = YES_AGGRESSIVE;
				CLANG_WARN_UNREACHABLE_CODE = YES;
				CLANG_WARN__DUPLICATE_METHOD_MATCH = YES;
				CODE_SIGN_IDENTITY = "Mac Developer";
				COPY_PHASE_STRIP = NO;
				DEBUG_INFORMATION_FORMAT = dwarf;
				ENABLE_STRICT_OBJC_MSGSEND = YES;
				ENABLE_TESTABILITY = YES;
				GCC_C_LANGUAGE_STANDARD = gnu11;
				GCC_DYNAMIC_NO_PIC = NO;
				GCC_NO_COMMON_BLOCKS = YES;
				GCC_OPTIMIZATION_LEVEL = 0;
				GCC_PREPROCESSOR_DEFINITIONS = (
					"DEBUG=1",
					"$(inherited)",
				);
				GCC_WARN_64_TO_32_BIT_CONVERSION = YES;
				GCC_WARN_ABOUT_RETURN_TYPE = YES_ERROR;
				GCC_WARN_UNDECLARED_SELECTOR = YES;
				GCC_WARN_UNINITIALIZED_AUTOS = YES_AGGRESSIVE;
				GCC_WARN_UNUSED_FUNCTION = YES;
				GCC_WARN_UNUSED_VARIABLE = YES;
				MACOSX_DEPLOYMENT_TARGET = 10.13;
				MTL_ENABLE_DEBUG_INFO = INCLUDE_SOURCE;
				MTL_FAST_MATH = YES;
				ONLY_ACTIVE_ARCH = YES;
				SDKROOT = macosx;
				SWIFT_ACTIVE_COMPILATION_CONDITIONS = DEBUG;
				SWIFT_OPTIMIZATION_LEVEL = "-Onone";
			};
			name = Debug;
		};
		721DDE2D217F870600F64772 /* Release */ = {
			isa = XCBuildConfiguration;
			buildSettings = {
				ALWAYS_SEARCH_USER_PATHS = NO;
				CLANG_ANALYZER_NONNULL = YES;
				CLANG_ANALYZER_NUMBER_OBJECT_CONVERSION = YES_AGGRESSIVE;
				CLANG_CXX_LANGUAGE_STANDARD = "gnu++14";
				CLANG_CXX_LIBRARY = "libc++";
				CLANG_ENABLE_MODULES = YES;
				CLANG_ENABLE_OBJC_ARC = YES;
				CLANG_ENABLE_OBJC_WEAK = YES;
				CLANG_WARN_BLOCK_CAPTURE_AUTORELEASING = YES;
				CLANG_WARN_BOOL_CONVERSION = YES;
				CLANG_WARN_COMMA = YES;
				CLANG_WARN_CONSTANT_CONVERSION = YES;
				CLANG_WARN_DEPRECATED_OBJC_IMPLEMENTATIONS = YES;
				CLANG_WARN_DIRECT_OBJC_ISA_USAGE = YES_ERROR;
				CLANG_WARN_DOCUMENTATION_COMMENTS = YES;
				CLANG_WARN_EMPTY_BODY = YES;
				CLANG_WARN_ENUM_CONVERSION = YES;
				CLANG_WARN_INFINITE_RECURSION = YES;
				CLANG_WARN_INT_CONVERSION = YES;
				CLANG_WARN_NON_LITERAL_NULL_CONVERSION = YES;
				CLANG_WARN_OBJC_IMPLICIT_RETAIN_SELF = YES;
				CLANG_WARN_OBJC_LITERAL_CONVERSION = YES;
				CLANG_WARN_OBJC_ROOT_CLASS = YES_ERROR;
				CLANG_WARN_RANGE_LOOP_ANALYSIS = YES;
				CLANG_WARN_STRICT_PROTOTYPES = YES;
				CLANG_WARN_SUSPICIOUS_MOVE = YES;
				CLANG_WARN_UNGUARDED_AVAILABILITY = YES_AGGRESSIVE;
				CLANG_WARN_UNREACHABLE_CODE = YES;
				CLANG_WARN__DUPLICATE_METHOD_MATCH = YES;
				CODE_SIGN_IDENTITY = "Mac Developer";
				COPY_PHASE_STRIP = NO;
				DEBUG_INFORMATION_FORMAT = "dwarf-with-dsym";
				ENABLE_NS_ASSERTIONS = NO;
				ENABLE_STRICT_OBJC_MSGSEND = YES;
				GCC_C_LANGUAGE_STANDARD = gnu11;
				GCC_NO_COMMON_BLOCKS = YES;
				GCC_WARN_64_TO_32_BIT_CONVERSION = YES;
				GCC_WARN_ABOUT_RETURN_TYPE = YES_ERROR;
				GCC_WARN_UNDECLARED_SELECTOR = YES;
				GCC_WARN_UNINITIALIZED_AUTOS = YES_AGGRESSIVE;
				GCC_WARN_UNUSED_FUNCTION = YES;
				GCC_WARN_UNUSED_VARIABLE = YES;
				MACOSX_DEPLOYMENT_TARGET = 10.13;
				MTL_ENABLE_DEBUG_INFO = NO;
				MTL_FAST_MATH = YES;
				SDKROOT = macosx;
				SWIFT_COMPILATION_MODE = wholemodule;
				SWIFT_OPTIMIZATION_LEVEL = "-O";
			};
			name = Release;
		};
		721DDE2F217F870600F64772 /* Debug */ = {
			isa = XCBuildConfiguration;
			buildSettings = {
				CODE_SIGN_STYLE = Automatic;
				DEVELOPMENT_TEAM = C8R3HK2N2D;
				PRODUCT_NAME = "$(TARGET_NAME)";
				SWIFT_VERSION = 4.2;
			};
			name = Debug;
		};
		721DDE30217F870600F64772 /* Release */ = {
			isa = XCBuildConfiguration;
			buildSettings = {
				CODE_SIGN_STYLE = Automatic;
				DEVELOPMENT_TEAM = C8R3HK2N2D;
				PRODUCT_NAME = "$(TARGET_NAME)";
				SWIFT_VERSION = 4.2;
			};
			name = Release;
		};
/* End XCBuildConfiguration section */

/* Begin XCConfigurationList section */
		721DDE22217F870600F64772 /* Build configuration list for PBXProject "SwiftLeetCode" */ = {
			isa = XCConfigurationList;
			buildConfigurations = (
				721DDE2C217F870600F64772 /* Debug */,
				721DDE2D217F870600F64772 /* Release */,
			);
			defaultConfigurationIsVisible = 0;
			defaultConfigurationName = Release;
		};
		721DDE2E217F870600F64772 /* Build configuration list for PBXNativeTarget "SwiftLeetCode" */ = {
			isa = XCConfigurationList;
			buildConfigurations = (
				721DDE2F217F870600F64772 /* Debug */,
				721DDE30217F870600F64772 /* Release */,
			);
			defaultConfigurationIsVisible = 0;
			defaultConfigurationName = Release;
		};
/* End XCConfigurationList section */
	};
	rootObject = 721DDE1F217F870600F64772 /* Project object */;
}
